
Microsoft Visual Studio Solution File, Format Version 12.00
# Visual Studio 14
VisualStudioVersion = 14.0.23107.0
MinimumVisualStudioVersion = 10.0.40219.1
Project("{FAE04EC0-301F-11D3-BF4B-00C04F79EFBC}") = "BDM.App.UniversalApp", "BDM.App.UniversalApp\BDM.App.UniversalApp.csproj", "{53FB28D2-7261-47A9-ACE1-6F6D8B942C41}"
EndProject
Project("{2150E333-8FDC-42A3-9474-1A3956D46DE8}") = "3 - App", "3 - App", "{C655903A-D2CC-4E55-8098-C79B284AF79B}"
EndProject
Project("{2150E333-8FDC-42A3-9474-1A3956D46DE8}") = "2 - Data", "2 - Data", "{3FEE8682-233E-4984-8FEA-F3FA3B438CC1}"
EndProject
Project("{2150E333-8FDC-42A3-9474-1A3956D46DE8}") = "1 - Common", "1 - Common", "{BCD115D4-9096-41F9-AFAC-72881B963774}"
EndProject
Project("{FAE04EC0-301F-11D3-BF4B-00C04F79EFBC}") = "BDM.App.Shared", "BDM.App.Shared\BDM.App.Shared.csproj", "{689EE7B5-B46D-4BF9-8B90-86105265098E}"
EndProject
Project("{2150E333-8FDC-42A3-9474-1A3956D46DE8}") = "4 - Background Agents", "4 - Background Agents", "{2D5658A3-AC55-4481-B675-662854257AC6}"
EndProject
Project("{FAE04EC0-301F-11D3-BF4B-00C04F79EFBC}") = "BDM.App.BackgroundAgents", "BDM.App.BackgroundAgents\BDM.App.BackgroundAgents.csproj", "{749E5854-1242-429B-99EF-6F47EE569419}"
EndProject
Project("{FAE04EC0-301F-11D3-BF4B-00C04F79EFBC}") = "BDM.Common.Model", "BDM.Common.Model\BDM.Common.Model.csproj", "{B24A03CB-48D9-4DEC-8821-766B0CCBDAA1}"
EndProject
Project("{FAE04EC0-301F-11D3-BF4B-00C04F79EFBC}") = "BDM.Data.Client.Contracts", "BDM.Data.Client.Contracts\BDM.Data.Client.Contracts.csproj", "{F34E04D9-B41B-4987-9EDC-CC454E810E8D}"
EndProject
Project("{FAE04EC0-301F-11D3-BF4B-00C04F79EFBC}") = "BDM.Data.Client.Mock", "BDM.Data.Client.Mock\BDM.Data.Client.Mock.csproj", "{E66AA827-59C7-47DA-907E-8A0B73C8C062}"
EndProject
Project("{FAE04EC0-301F-11D3-BF4B-00C04F79EFBC}") = "BDM.Data.Client.Net", "BDM.Data.Client.Net\BDM.Data.Client.Net.csproj", "{78F25670-7EB8-4D26-8424-2206097FEFD0}"
EndProject
Project("{FAE04EC0-301F-11D3-BF4B-00C04F79EFBC}") = "BDM.Data.Client.Tests", "BDM.Data.Client.Tests\BDM.Data.Client.Tests.csproj", "{9D0C704E-DCAB-4C4E-A4AE-E7EB93271F0F}"
EndProject
Global
	GlobalSection(SolutionConfigurationPlatforms) = preSolution
		Debug|Any CPU = Debug|Any CPU
		Debug|ARM = Debug|ARM
		Debug|x64 = Debug|x64
		Debug|x86 = Debug|x86
		Release|Any CPU = Release|Any CPU
		Release|ARM = Release|ARM
		Release|x64 = Release|x64
		Release|x86 = Release|x86
	EndGlobalSection
	GlobalSection(ProjectConfigurationPlatforms) = postSolution
		{53FB28D2-7261-47A9-ACE1-6F6D8B942C41}.Debug|Any CPU.ActiveCfg = Debug|x86
		{53FB28D2-7261-47A9-ACE1-6F6D8B942C41}.Debug|ARM.ActiveCfg = Debug|ARM
		{53FB28D2-7261-47A9-ACE1-6F6D8B942C41}.Debug|ARM.Build.0 = Debug|ARM
		{53FB28D2-7261-47A9-ACE1-6F6D8B942C41}.Debug|ARM.Deploy.0 = Debug|ARM
		{53FB28D2-7261-47A9-ACE1-6F6D8B942C41}.Debug|x64.ActiveCfg = Debug|x64
		{53FB28D2-7261-47A9-ACE1-6F6D8B942C41}.Debug|x64.Build.0 = Debug|x64
		{53FB28D2-7261-47A9-ACE1-6F6D8B942C41}.Debug|x64.Deploy.0 = Debug|x64
		{53FB28D2-7261-47A9-ACE1-6F6D8B942C41}.Debug|x86.ActiveCfg = Debug|x86
		{53FB28D2-7261-47A9-ACE1-6F6D8B942C41}.Debug|x86.Build.0 = Debug|x86
		{53FB28D2-7261-47A9-ACE1-6F6D8B942C41}.Debug|x86.Deploy.0 = Debug|x86
		{53FB28D2-7261-47A9-ACE1-6F6D8B942C41}.Release|Any CPU.ActiveCfg = Release|x86
		{53FB28D2-7261-47A9-ACE1-6F6D8B942C41}.Release|ARM.ActiveCfg = Release|ARM
		{53FB28D2-7261-47A9-ACE1-6F6D8B942C41}.Release|ARM.Build.0 = Release|ARM
		{53FB28D2-7261-47A9-ACE1-6F6D8B942C41}.Release|ARM.Deploy.0 = Release|ARM
		{53FB28D2-7261-47A9-ACE1-6F6D8B942C41}.Release|x64.ActiveCfg = Release|x64
		{53FB28D2-7261-47A9-ACE1-6F6D8B942C41}.Release|x64.Build.0 = Release|x64
		{53FB28D2-7261-47A9-ACE1-6F6D8B942C41}.Release|x64.Deploy.0 = Release|x64
		{53FB28D2-7261-47A9-ACE1-6F6D8B942C41}.Release|x86.ActiveCfg = Release|x86
		{53FB28D2-7261-47A9-ACE1-6F6D8B942C41}.Release|x86.Build.0 = Release|x86
		{53FB28D2-7261-47A9-ACE1-6F6D8B942C41}.Release|x86.Deploy.0 = Release|x86
		{689EE7B5-B46D-4BF9-8B90-86105265098E}.Debug|Any CPU.ActiveCfg = Debug|Any CPU
		{689EE7B5-B46D-4BF9-8B90-86105265098E}.Debug|Any CPU.Build.0 = Debug|Any CPU
		{689EE7B5-B46D-4BF9-8B90-86105265098E}.Debug|ARM.ActiveCfg = Debug|ARM
		{689EE7B5-B46D-4BF9-8B90-86105265098E}.Debug|ARM.Build.0 = Debug|ARM
		{689EE7B5-B46D-4BF9-8B90-86105265098E}.Debug|x64.ActiveCfg = Debug|x64
		{689EE7B5-B46D-4BF9-8B90-86105265098E}.Debug|x64.Build.0 = Debug|x64
		{689EE7B5-B46D-4BF9-8B90-86105265098E}.Debug|x86.ActiveCfg = Debug|x86
		{689EE7B5-B46D-4BF9-8B90-86105265098E}.Debug|x86.Build.0 = Debug|x86
		{689EE7B5-B46D-4BF9-8B90-86105265098E}.Release|Any CPU.ActiveCfg = Release|Any CPU
		{689EE7B5-B46D-4BF9-8B90-86105265098E}.Release|Any CPU.Build.0 = Release|Any CPU
		{689EE7B5-B46D-4BF9-8B90-86105265098E}.Release|ARM.ActiveCfg = Release|ARM
		{689EE7B5-B46D-4BF9-8B90-86105265098E}.Release|ARM.Build.0 = Release|ARM
		{689EE7B5-B46D-4BF9-8B90-86105265098E}.Release|x64.ActiveCfg = Release|x64
		{689EE7B5-B46D-4BF9-8B90-86105265098E}.Release|x64.Build.0 = Release|x64
		{689EE7B5-B46D-4BF9-8B90-86105265098E}.Release|x86.ActiveCfg = Release|x86
		{689EE7B5-B46D-4BF9-8B90-86105265098E}.Release|x86.Build.0 = Release|x86
		{749E5854-1242-429B-99EF-6F47EE569419}.Debug|Any CPU.ActiveCfg = Debug|Any CPU
		{749E5854-1242-429B-99EF-6F47EE569419}.Debug|Any CPU.Build.0 = Debug|Any CPU
		{749E5854-1242-429B-99EF-6F47EE569419}.Debug|ARM.ActiveCfg = Debug|ARM
		{749E5854-1242-429B-99EF-6F47EE569419}.Debug|ARM.Build.0 = Debug|ARM
		{749E5854-1242-429B-99EF-6F47EE569419}.Debug|x64.ActiveCfg = Debug|x64
		{749E5854-1242-429B-99EF-6F47EE569419}.Debug|x64.Build.0 = Debug|x64
		{749E5854-1242-429B-99EF-6F47EE569419}.Debug|x86.ActiveCfg = Debug|x86
		{749E5854-1242-429B-99EF-6F47EE569419}.Debug|x86.Build.0 = Debug|x86
		{749E5854-1242-429B-99EF-6F47EE569419}.Release|Any CPU.ActiveCfg = Release|Any CPU
		{749E5854-1242-429B-99EF-6F47EE569419}.Release|Any CPU.Build.0 = Release|Any CPU
		{749E5854-1242-429B-99EF-6F47EE569419}.Release|ARM.ActiveCfg = Release|ARM
		{749E5854-1242-429B-99EF-6F47EE569419}.Release|ARM.Build.0 = Release|ARM
		{749E5854-1242-429B-99EF-6F47EE569419}.Release|x64.ActiveCfg = Release|x64
		{749E5854-1242-429B-99EF-6F47EE569419}.Release|x64.Build.0 = Release|x64
		{749E5854-1242-429B-99EF-6F47EE569419}.Release|x86.ActiveCfg = Release|x86
		{749E5854-1242-429B-99EF-6F47EE569419}.Release|x86.Build.0 = Release|x86
		{B24A03CB-48D9-4DEC-8821-766B0CCBDAA1}.Debug|Any CPU.ActiveCfg = Debug|Any CPU
		{B24A03CB-48D9-4DEC-8821-766B0CCBDAA1}.Debug|Any CPU.Build.0 = Debug|Any CPU
		{B24A03CB-48D9-4DEC-8821-766B0CCBDAA1}.Debug|ARM.ActiveCfg = Debug|Any CPU
		{B24A03CB-48D9-4DEC-8821-766B0CCBDAA1}.Debug|ARM.Build.0 = Debug|Any CPU
		{B24A03CB-48D9-4DEC-8821-766B0CCBDAA1}.Debug|x64.ActiveCfg = Debug|Any CPU
		{B24A03CB-48D9-4DEC-8821-766B0CCBDAA1}.Debug|x64.Build.0 = Debug|Any CPU
		{B24A03CB-48D9-4DEC-8821-766B0CCBDAA1}.Debug|x86.ActiveCfg = Debug|Any CPU
		{B24A03CB-48D9-4DEC-8821-766B0CCBDAA1}.Debug|x86.Build.0 = Debug|Any CPU
		{B24A03CB-48D9-4DEC-8821-766B0CCBDAA1}.Release|Any CPU.ActiveCfg = Release|Any CPU
		{B24A03CB-48D9-4DEC-8821-766B0CCBDAA1}.Release|Any CPU.Build.0 = Release|Any CPU
		{B24A03CB-48D9-4DEC-8821-766B0CCBDAA1}.Release|ARM.ActiveCfg = Release|Any CPU
		{B24A03CB-48D9-4DEC-8821-766B0CCBDAA1}.Release|ARM.Build.0 = Release|Any CPU
		{B24A03CB-48D9-4DEC-8821-766B0CCBDAA1}.Release|x64.ActiveCfg = Release|Any CPU
		{B24A03CB-48D9-4DEC-8821-766B0CCBDAA1}.Release|x64.Build.0 = Release|Any CPU
		{B24A03CB-48D9-4DEC-8821-766B0CCBDAA1}.Release|x86.ActiveCfg = Release|Any CPU
		{B24A03CB-48D9-4DEC-8821-766B0CCBDAA1}.Release|x86.Build.0 = Release|Any CPU
		{F34E04D9-B41B-4987-9EDC-CC454E810E8D}.Debug|Any CPU.ActiveCfg = Debug|Any CPU
		{F34E04D9-B41B-4987-9EDC-CC454E810E8D}.Debug|Any CPU.Build.0 = Debug|Any CPU
		{F34E04D9-B41B-4987-9EDC-CC454E810E8D}.Debug|ARM.ActiveCfg = Debug|Any CPU
		{F34E04D9-B41B-4987-9EDC-CC454E810E8D}.Debug|ARM.Build.0 = Debug|Any CPU
		{F34E04D9-B41B-4987-9EDC-CC454E810E8D}.Debug|x64.ActiveCfg = Debug|Any CPU
		{F34E04D9-B41B-4987-9EDC-CC454E810E8D}.Debug|x64.Build.0 = Debug|Any CPU
		{F34E04D9-B41B-4987-9EDC-CC454E810E8D}.Debug|x86.ActiveCfg = Debug|Any CPU
		{F34E04D9-B41B-4987-9EDC-CC454E810E8D}.Debug|x86.Build.0 = Debug|Any CPU
		{F34E04D9-B41B-4987-9EDC-CC454E810E8D}.Release|Any CPU.ActiveCfg = Release|Any CPU
		{F34E04D9-B41B-4987-9EDC-CC454E810E8D}.Release|Any CPU.Build.0 = Release|Any CPU
		{F34E04D9-B41B-4987-9EDC-CC454E810E8D}.Release|ARM.ActiveCfg = Release|Any CPU
		{F34E04D9-B41B-4987-9EDC-CC454E810E8D}.Release|ARM.Build.0 = Release|Any CPU
		{F34E04D9-B41B-4987-9EDC-CC454E810E8D}.Release|x64.ActiveCfg = Release|Any CPU
		{F34E04D9-B41B-4987-9EDC-CC454E810E8D}.Release|x64.Build.0 = Release|Any CPU
		{F34E04D9-B41B-4987-9EDC-CC454E810E8D}.Release|x86.ActiveCfg = Release|Any CPU
		{F34E04D9-B41B-4987-9EDC-CC454E810E8D}.Release|x86.Build.0 = Release|Any CPU
		{E66AA827-59C7-47DA-907E-8A0B73C8C062}.Debug|Any CPU.ActiveCfg = Debug|Any CPU
		{E66AA827-59C7-47DA-907E-8A0B73C8C062}.Debug|Any CPU.Build.0 = Debug|Any CPU
		{E66AA827-59C7-47DA-907E-8A0B73C8C062}.Debug|ARM.ActiveCfg = Debug|Any CPU
		{E66AA827-59C7-47DA-907E-8A0B73C8C062}.Debug|ARM.Build.0 = Debug|Any CPU
		{E66AA827-59C7-47DA-907E-8A0B73C8C062}.Debug|x64.ActiveCfg = Debug|Any CPU
		{E66AA827-59C7-47DA-907E-8A0B73C8C062}.Debug|x64.Build.0 = Debug|Any CPU
		{E66AA827-59C7-47DA-907E-8A0B73C8C062}.Debug|x86.ActiveCfg = Debug|Any CPU
		{E66AA827-59C7-47DA-907E-8A0B73C8C062}.Debug|x86.Build.0 = Debug|Any CPU
		{E66AA827-59C7-47DA-907E-8A0B73C8C062}.Release|Any CPU.ActiveCfg = Release|Any CPU
		{E66AA827-59C7-47DA-907E-8A0B73C8C062}.Release|Any CPU.Build.0 = Release|Any CPU
		{E66AA827-59C7-47DA-907E-8A0B73C8C062}.Release|ARM.ActiveCfg = Release|Any CPU
		{E66AA827-59C7-47DA-907E-8A0B73C8C062}.Release|ARM.Build.0 = Release|Any CPU
		{E66AA827-59C7-47DA-907E-8A0B73C8C062}.Release|x64.ActiveCfg = Release|Any CPU
		{E66AA827-59C7-47DA-907E-8A0B73C8C062}.Release|x64.Build.0 = Release|Any CPU
		{E66AA827-59C7-47DA-907E-8A0B73C8C062}.Release|x86.ActiveCfg = Release|Any CPU
		{E66AA827-59C7-47DA-907E-8A0B73C8C062}.Release|x86.Build.0 = Release|Any CPU
		{78F25670-7EB8-4D26-8424-2206097FEFD0}.Debug|Any CPU.ActiveCfg = Debug|Any CPU
		{78F25670-7EB8-4D26-8424-2206097FEFD0}.Debug|Any CPU.Build.0 = Debug|Any CPU
		{78F25670-7EB8-4D26-8424-2206097FEFD0}.Debug|ARM.ActiveCfg = Debug|Any CPU
		{78F25670-7EB8-4D26-8424-2206097FEFD0}.Debug|ARM.Build.0 = Debug|Any CPU
		{78F25670-7EB8-4D26-8424-2206097FEFD0}.Debug|x64.ActiveCfg = Debug|Any CPU
		{78F25670-7EB8-4D26-8424-2206097FEFD0}.Debug|x64.Build.0 = Debug|Any CPU
		{78F25670-7EB8-4D26-8424-2206097FEFD0}.Debug|x86.ActiveCfg = Debug|Any CPU
		{78F25670-7EB8-4D26-8424-2206097FEFD0}.Debug|x86.Build.0 = Debug|Any CPU
		{78F25670-7EB8-4D26-8424-2206097FEFD0}.Release|Any CPU.ActiveCfg = Release|Any CPU
		{78F25670-7EB8-4D26-8424-2206097FEFD0}.Release|Any CPU.Build.0 = Release|Any CPU
		{78F25670-7EB8-4D26-8424-2206097FEFD0}.Release|ARM.ActiveCfg = Release|Any CPU
		{78F25670-7EB8-4D26-8424-2206097FEFD0}.Release|ARM.Build.0 = Release|Any CPU
		{78F25670-7EB8-4D26-8424-2206097FEFD0}.Release|x64.ActiveCfg = Release|Any CPU
		{78F25670-7EB8-4D26-8424-2206097FEFD0}.Release|x64.Build.0 = Release|Any CPU
		{78F25670-7EB8-4D26-8424-2206097FEFD0}.Release|x86.ActiveCfg = Release|Any CPU
		{78F25670-7EB8-4D26-8424-2206097FEFD0}.Release|x86.Build.0 = Release|Any CPU
		{9D0C704E-DCAB-4C4E-A4AE-E7EB93271F0F}.Debug|Any CPU.ActiveCfg = Debug|x86
		{9D0C704E-DCAB-4C4E-A4AE-E7EB93271F0F}.Debug|ARM.ActiveCfg = Debug|ARM
		{9D0C704E-DCAB-4C4E-A4AE-E7EB93271F0F}.Debug|ARM.Build.0 = Debug|ARM
		{9D0C704E-DCAB-4C4E-A4AE-E7EB93271F0F}.Debug|ARM.Deploy.0 = Debug|ARM
		{9D0C704E-DCAB-4C4E-A4AE-E7EB93271F0F}.Debug|x64.ActiveCfg = Debug|x64
		{9D0C704E-DCAB-4C4E-A4AE-E7EB93271F0F}.Debug|x64.Build.0 = Debug|x64
		{9D0C704E-DCAB-4C4E-A4AE-E7EB93271F0F}.Debug|x64.Deploy.0 = Debug|x64
		{9D0C704E-DCAB-4C4E-A4AE-E7EB93271F0F}.Debug|x86.ActiveCfg = Debug|x86
		{9D0C704E-DCAB-4C4E-A4AE-E7EB93271F0F}.Debug|x86.Build.0 = Debug|x86
		{9D0C704E-DCAB-4C4E-A4AE-E7EB93271F0F}.Debug|x86.Deploy.0 = Debug|x86
		{9D0C704E-DCAB-4C4E-A4AE-E7EB93271F0F}.Release|Any CPU.ActiveCfg = Release|x86
		{9D0C704E-DCAB-4C4E-A4AE-E7EB93271F0F}.Release|ARM.ActiveCfg = Release|ARM
		{9D0C704E-DCAB-4C4E-A4AE-E7EB93271F0F}.Release|ARM.Build.0 = Release|ARM
		{9D0C704E-DCAB-4C4E-A4AE-E7EB93271F0F}.Release|ARM.Deploy.0 = Release|ARM
		{9D0C704E-DCAB-4C4E-A4AE-E7EB93271F0F}.Release|x64.ActiveCfg = Release|x64
		{9D0C704E-DCAB-4C4E-A4AE-E7EB93271F0F}.Release|x64.Build.0 = Release|x64
		{9D0C704E-DCAB-4C4E-A4AE-E7EB93271F0F}.Release|x64.Deploy.0 = Release|x64
		{9D0C704E-DCAB-4C4E-A4AE-E7EB93271F0F}.Release|x86.ActiveCfg = Release|x86
		{9D0C704E-DCAB-4C4E-A4AE-E7EB93271F0F}.Release|x86.Build.0 = Release|x86
		{9D0C704E-DCAB-4C4E-A4AE-E7EB93271F0F}.Release|x86.Deploy.0 = Release|x86
	EndGlobalSection
	GlobalSection(SolutionProperties) = preSolution
		HideSolutionNode = FALSE
	EndGlobalSection
	GlobalSection(NestedProjects) = preSolution
		{53FB28D2-7261-47A9-ACE1-6F6D8B942C41} = {C655903A-D2CC-4E55-8098-C79B284AF79B}
		{689EE7B5-B46D-4BF9-8B90-86105265098E} = {C655903A-D2CC-4E55-8098-C79B284AF79B}
		{749E5854-1242-429B-99EF-6F47EE569419} = {2D5658A3-AC55-4481-B675-662854257AC6}
		{B24A03CB-48D9-4DEC-8821-766B0CCBDAA1} = {BCD115D4-9096-41F9-AFAC-72881B963774}
		{F34E04D9-B41B-4987-9EDC-CC454E810E8D} = {3FEE8682-233E-4984-8FEA-F3FA3B438CC1}
		{E66AA827-59C7-47DA-907E-8A0B73C8C062} = {3FEE8682-233E-4984-8FEA-F3FA3B438CC1}
		{78F25670-7EB8-4D26-8424-2206097FEFD0} = {3FEE8682-233E-4984-8FEA-F3FA3B438CC1}
		{9D0C704E-DCAB-4C4E-A4AE-E7EB93271F0F} = {3FEE8682-233E-4984-8FEA-F3FA3B438CC1}
	EndGlobalSection
EndGlobal
